// !$*UTF8*$!
{
	archiveVersion = 1;
	classes = {
	};
	objectVersion = 46;
	objects = {

/* Begin PBXBuildFile section */
		A0E676391CA8E5A000C02A0D /* AppDelegate.swift in Sources */ = {isa = PBXBuildFile; fileRef = A0E676381CA8E5A000C02A0D /* AppDelegate.swift */; };
		A0E6763B1CA8E5A000C02A0D /* ViewController.swift in Sources */ = {isa = PBXBuildFile; fileRef = A0E6763A1CA8E5A000C02A0D /* ViewController.swift */; };
		A0E6763E1CA8E5A000C02A0D /* Main.storyboard in Resources */ = {isa = PBXBuildFile; fileRef = A0E6763C1CA8E5A000C02A0D /* Main.storyboard */; };
		A0E676411CA8E5A000C02A0D /* Pokedex.xcdatamodeld in Sources */ = {isa = PBXBuildFile; fileRef = A0E6763F1CA8E5A000C02A0D /* Pokedex.xcdatamodeld */; };
		A0E676431CA8E5A000C02A0D /* Assets.xcassets in Resources */ = {isa = PBXBuildFile; fileRef = A0E676421CA8E5A000C02A0D /* Assets.xcassets */; };
		A0E676461CA8E5A000C02A0D /* LaunchScreen.storyboard in Resources */ = {isa = PBXBuildFile; fileRef = A0E676441CA8E5A000C02A0D /* LaunchScreen.storyboard */; };
/* End PBXBuildFile section */

/* Begin PBXFileReference section */
		A0E676351CA8E5A000C02A0D /* Pokedex.app */ = {isa = PBXFileReference; explicitFileType = wrapper.application; includeInIndex = 0; path = Pokedex.app; sourceTree = BUILT_PRODUCTS_DIR; };
		A0E676381CA8E5A000C02A0D /* AppDelegate.swift */ = {isa = PBXFileReference; lastKnownFileType = sourcecode.swift; path = AppDelegate.swift; sourceTree = "<group>"; };
		A0E6763A1CA8E5A000C02A0D /* ViewController.swift */ = {isa = PBXFileReference; lastKnownFileType = sourcecode.swift; path = ViewController.swift; sourceTree = "<group>"; };
		A0E6763D1CA8E5A000C02A0D /* Base */ = {isa = PBXFileReference; lastKnownFileType = file.storyboard; name = Base; path = Base.lproj/Main.storyboard; sourceTree = "<group>"; };
		A0E676401CA8E5A000C02A0D /* Pokedex.xcdatamodel */ = {isa = PBXFileReference; lastKnownFileType = wrapper.xcdatamodel; path = Pokedex.xcdatamodel; sourceTree = "<group>"; };
		A0E676421CA8E5A000C02A0D /* Assets.xcassets */ = {isa = PBXFileReference; lastKnownFileType = folder.assetcatalog; path = Assets.xcassets; sourceTree = "<group>"; };
		A0E676451CA8E5A000C02A0D /* Base */ = {isa = PBXFileReference; lastKnownFileType = file.storyboard; name = Base; path = Base.lproj/LaunchScreen.storyboard; sourceTree = "<group>"; };
		A0E676471CA8E5A000C02A0D /* Info.plist */ = {isa = PBXFileReference; lastKnownFileType = text.plist.xml; path = Info.plist; sourceTree = "<group>"; };
/* End PBXFileReference section */

/* Begin PBXFrameworksBuildPhase section */
		A0E676321CA8E5A000C02A0D /* Frameworks */ = {
			isa = PBXFrameworksBuildPhase;
			buildActionMask = 2147483647;
			files = (
			);
			runOnlyForDeploymentPostprocessing = 0;
		};
/* End PBXFrameworksBuildPhase section */

/* Begin PBXGroup section */
		A0E6762C1CA8E5A000C02A0D = {
			isa = PBXGroup;
			children = (
				A0E676371CA8E5A000C02A0D /* Pokedex */,
				A0E676361CA8E5A000C02A0D /* Products */,
			);
			sourceTree = "<group>";
		};
		A0E676361CA8E5A000C02A0D /* Products */ = {
			isa = PBXGroup;
			children = (
				A0E676351CA8E5A000C02A0D /* Pokedex.app */,
			);
			name = Products;
			sourceTree = "<group>";
		};
		A0E676371CA8E5A000C02A0D /* Pokedex */ = {
			isa = PBXGroup;
			children = (
				A0E676381CA8E5A000C02A0D /* AppDelegate.swift */,
				A0E6763A1CA8E5A000C02A0D /* ViewController.swift */,
				A0E6763C1CA8E5A000C02A0D /* Main.storyboard */,
				A0E676421CA8E5A000C02A0D /* Assets.xcassets */,
				A0E676441CA8E5A000C02A0D /* LaunchScreen.storyboard */,
				A0E676471CA8E5A000C02A0D /* Info.plist */,
				A0E6763F1CA8E5A000C02A0D /* Pokedex.xcdatamodeld */,
			);
			path = Pokedex;
			sourceTree = "<group>";
		};
/* End PBXGroup section */

/* Begin PBXNativeTarget section */
		A0E676341CA8E5A000C02A0D /* Pokedex */ = {
			isa = PBXNativeTarget;
			buildConfigurationList = A0E6764A1CA8E5A000C02A0D /* Build configuration list for PBXNativeTarget "Pokedex" */;
			buildPhases = (
				A0E676311CA8E5A000C02A0D /* Sources */,
				A0E676321CA8E5A000C02A0D /* Frameworks */,
				A0E676331CA8E5A000C02A0D /* Resources */,
			);
			buildRules = (
			);
			dependencies = (
			);
			name = Pokedex;
			productName = Pokedex;
			productReference = A0E676351CA8E5A000C02A0D /* Pokedex.app */;
			productType = "com.apple.product-type.application";
		};
/* End PBXNativeTarget section */

/* Begin PBXProject section */
		A0E6762D1CA8E5A000C02A0D /* Project object */ = {
			isa = PBXProject;
			attributes = {
				LastSwiftUpdateCheck = 0730;
				LastUpgradeCheck = 0730;
				ORGANIZATIONNAME = "Lucas Franco";
				TargetAttributes = {
					A0E676341CA8E5A000C02A0D = {
						CreatedOnToolsVersion = 7.3;
					};
				};
			};
			buildConfigurationList = A0E676301CA8E5A000C02A0D /* Build configuration list for PBXProject "Pokedex" */;
			compatibilityVersion = "Xcode 3.2";
			developmentRegion = English;
			hasScannedForEncodings = 0;
			knownRegions = (
				en,
				Base,
			);
			mainGroup = A0E6762C1CA8E5A000C02A0D;
			productRefGroup = A0E676361CA8E5A000C02A0D /* Products */;
			projectDirPath = "";
			projectRoot = "";
			targets = (
				A0E676341CA8E5A000C02A0D /* Pokedex */,
			);
		};
/* End PBXProject section */

/* Begin PBXResourcesBuildPhase section */
		A0E676331CA8E5A000C02A0D /* Resources */ = {
			isa = PBXResourcesBuildPhase;
			buildActionMask = 2147483647;
			files = (
				A0E676461CA8E5A000C02A0D /* LaunchScreen.storyboard in Resources */,
				A0E676431CA8E5A000C02A0D /* Assets.xcassets in Resources */,
				A0E6763E1CA8E5A000C02A0D /* Main.storyboard in Resources */,
			);
			runOnlyForDeploymentPostprocessing = 0;
		};
/* End PBXResourcesBuildPhase section */

/* Begin PBXSourcesBuildPhase section */
		A0E676311CA8E5A000C02A0D /* Sources */ = {
			isa = PBXSourcesBuildPhase;
			buildActionMask = 2147483647;
			files = (
				A0E6763B1CA8E5A000C02A0D /* ViewController.swift in Sources */,
				A0E676411CA8E5A000C02A0D /* Pokedex.xcdatamodeld in Sources */,
				A0E676391CA8E5A000C02A0D /* AppDelegate.swift in Sources */,
			);
			runOnlyForDeploymentPostprocessing = 0;
		};
/* End PBXSourcesBuildPhase section */

/* Begin PBXVariantGroup section */
		A0E6763C1CA8E5A000C02A0D /* Main.storyboard */ = {
			isa = PBXVariantGroup;
			children = (
				A0E6763D1CA8E5A000C02A0D /* Base */,
			);
			name = Main.storyboard;
			sourceTree = "<group>";
		};
		A0E676441CA8E5A000C02A0D /* LaunchScreen.storyboard */ = {
			isa = PBXVariantGroup;
			children = (
				A0E676451CA8E5A000C02A0D /* Base */,
			);
			name = LaunchScreen.storyboard;
			sourceTree = "<group>";
		};
/* End PBXVariantGroup section */

/* Begin XCBuildConfiguration section */
		A0E676481CA8E5A000C02A0D /* Debug */ = {
			isa = XCBuildConfiguration;
			buildSettings = {
				ALWAYS_SEARCH_USER_PATHS = NO;
				CLANG_ANALYZER_NONNULL = YES;
				CLANG_CXX_LANGUAGE_STANDARD = "gnu++0x";
				CLANG_CXX_LIBRARY = "libc++";
				CLANG_ENABLE_MODULES = YES;
				CLANG_ENABLE_OBJC_ARC = YES;
				CLANG_WARN_BOOL_CONVERSION = YES;
				CLANG_WARN_CONSTANT_CONVERSION = YES;
				CLANG_WARN_DIRECT_OBJC_ISA_USAGE = YES_ERROR;
				CLANG_WARN_EMPTY_BODY = YES;
				CLANG_WARN_ENUM_CONVERSION = YES;
				CLANG_WARN_INT_CONVERSION = YES;
				CLANG_WARN_OBJC_ROOT_CLASS = YES_ERROR;
				CLANG_WARN_UNREACHABLE_CODE = YES;
				CLANG_WARN__DUPLICATE_METHOD_MATCH = YES;
				"CODE_SIGN_IDENTITY[sdk=iphoneos*]" = "iPhone Developer";
				COPY_PHASE_STRIP = NO;
				DEBUG_INFORMATION_FORMAT = dwarf;
				ENABLE_STRICT_OBJC_MSGSEND = YES;
				ENABLE_TESTABILITY = YES;
				GCC_C_LANGUAGE_STANDARD = gnu99;
				GCC_DYNAMIC_NO_PIC = NO;
				GCC_NO_COMMON_BLOCKS = YES;
				GCC_OPTIMIZATION_LEVEL = 0;
				GCC_PREPROCESSOR_DEFINITIONS = (
					"DEBUG=1",
					"$(inherited)",
				);
				GCC_WARN_64_TO_32_BIT_CONVERSION = YES;
				GCC_WARN_ABOUT_RETURN_TYPE = YES_ERROR;
				GCC_WARN_UNDECLARED_SELECTOR = YES;
				GCC_WARN_UNINITIALIZED_AUTOS = YES_AGGRESSIVE;
				GCC_WARN_UNUSED_FUNCTION = YES;
				GCC_WARN_UNUSED_VARIABLE = YES;
				IPHONEOS_DEPLOYMENT_TARGET = 9.3;
				MTL_ENABLE_DEBUG_INFO = YES;
				ONLY_ACTIVE_ARCH = YES;
				SDKROOT = iphoneos;
				SWIFT_OPTIMIZATION_LEVEL = "-Onone";
				TARGETED_DEVICE_FAMILY = "1,2";
			};
			name = Debug;
		};
		A0E676491CA8E5A000C02A0D /* Release */ = {
			isa = XCBuildConfiguration;
			buildSettings = {
				ALWAYS_SEARCH_USER_PATHS = NO;
				CLANG_ANALYZER_NONNULL = YES;
				CLANG_CXX_LANGUAGE_STANDARD = "gnu++0x";
				CLANG_CXX_LIBRARY = "libc++";
				CLANG_ENABLE_MODULES = YES;
				CLANG_ENABLE_OBJC_ARC = YES;
				CLANG_WARN_BOOL_CONVERSION = YES;
				CLANG_WARN_CONSTANT_CONVERSION = YES;
				CLANG_WARN_DIRECT_OBJC_ISA_USAGE = YES_ERROR;
				CLANG_WARN_EMPTY_BODY = YES;
				CLANG_WARN_ENUM_CONVERSION = YES;
				CLANG_WARN_INT_CONVERSION = YES;
				CLANG_WARN_OBJC_ROOT_CLASS = YES_ERROR;
				CLANG_WARN_UNREACHABLE_CODE = YES;
				CLANG_WARN__DUPLICATE_METHOD_MATCH = YES;
				"CODE_SIGN_IDENTITY[sdk=iphoneos*]" = "iPhone Developer";
				COPY_PHASE_STRIP = NO;
				DEBUG_INFORMATION_FORMAT = "dwarf-with-dsym";
				ENABLE_NS_ASSERTIONS = NO;
				ENABLE_STRICT_OBJC_MSGSEND = YES;
				GCC_C_LANGUAGE_STANDARD = gnu99;
				GCC_NO_COMMON_BLOCKS = YES;
				GCC_WARN_64_TO_32_BIT_CONVERSION = YES;
				GCC_WARN_ABOUT_RETURN_TYPE = YES_ERROR;
				GCC_WARN_UNDECLARED_SELECTOR = YES;
				GCC_WARN_UNINITIALIZED_AUTOS = YES_AGGRESSIVE;
				GCC_WARN_UNUSED_FUNCTION = YES;
				GCC_WARN_UNUSED_VARIABLE = YES;
				IPHONEOS_DEPLOYMENT_TARGET = 9.3;
				MTL_ENABLE_DEBUG_INFO = NO;
				SDKROOT = iphoneos;
				TARGETED_DEVICE_FAMILY = "1,2";
				VALIDATE_PRODUCT = YES;
			};
			name = Release;
		};
		A0E6764B1CA8E5A000C02A0D /* Debug */ = {
			isa = XCBuildConfiguration;
			buildSettings = {
				ASSETCATALOG_COMPILER_APPICON_NAME = AppIcon;
				INFOPLIST_FILE = Pokedex/Info.plist;
				LD_RUNPATH_SEARCH_PATHS = "$(inherited) @executable_path/Frameworks";
				PRODUCT_BUNDLE_IDENTIFIER = Lucas.Pokedex;
				PRODUCT_NAME = "$(TARGET_NAME)";
			};
			name = Debug;
		};
		A0E6764C1CA8E5A000C02A0D /* Release */ = {
			isa = XCBuildConfiguration;
			buildSettings = {
				ASSETCATALOG_COMPILER_APPICON_NAME = AppIcon;
				INFOPLIST_FILE = Pokedex/Info.plist;
				LD_RUNPATH_SEARCH_PATHS = "$(inherited) @executable_path/Frameworks";
				PRODUCT_BUNDLE_IDENTIFIER = Lucas.Pokedex;
				PRODUCT_NAME = "$(TARGET_NAME)";
			};
			name = Release;
		};
/* End XCBuildConfiguration section */

/* Begin XCConfigurationList section */
		A0E676301CA8E5A000C02A0D /* Build configuration list for PBXProject "Pokedex" */ = {
			isa = XCConfigurationList;
			buildConfigurations = (
				A0E676481CA8E5A000C02A0D /* Debug */,
				A0E676491CA8E5A000C02A0D /* Release */,
			);
			defaultConfigurationIsVisible = 0;
			defaultConfigurationName = Release;
		};
		A0E6764A1CA8E5A000C02A0D /* Build configuration list for PBXNativeTarget "Pokedex" */ = {
			isa = XCConfigurationList;
			buildConfigurations = (
				A0E6764B1CA8E5A000C02A0D /* Debug */,
				A0E6764C1CA8E5A000C02A0D /* Release */,
			);
			defaultConfigurationIsVisible = 0;
		};
/* End XCConfigurationList section */

/* Begin XCVersionGroup section */
		A0E6763F1CA8E5A000C02A0D /* Pokedex.xcdatamodeld */ = {
			isa = XCVersionGroup;
			children = (
				A0E676401CA8E5A000C02A0D /* Pokedex.xcdatamodel */,
			);
			currentVersion = A0E676401CA8E5A000C02A0D /* Pokedex.xcdatamodel */;
			path = Pokedex.xcdatamodeld;
			sourceTree = "<group>";
			versionGroupType = wrapper.xcdatamodel;
		};
/* End XCVersionGroup section */
	};
	rootObject = A0E6762D1CA8E5A000C02A0D /* Project object */;
}
